
Microsoft Visual Studio Solution File, Format Version 12.00
# Visual Studio Version 17
VisualStudioVersion = 17.8.34525.116
MinimumVisualStudioVersion = 10.0.40219.1
Project("{FAE04EC0-301F-11D3-BF4B-00C04F79EFBC}") = "01.Greeting", "01.Greeting\01.Greeting.csproj", "{6975A9C4-4C64-4D8D-95A9-1F9A6557308F}"
EndProject
Project("{FAE04EC0-301F-11D3-BF4B-00C04F79EFBC}") = "Duplex", "Duplex\Duplex.csproj", "{CFFB8161-8D03-43A5-9AE9-4DEEFF350196}"
EndProject
Global
	GlobalSection(SolutionConfigurationPlatforms) = preSolution
		Debug|Any CPU = Debug|Any CPU
		Release|Any CPU = Release|Any CPU
	EndGlobalSection
	GlobalSection(ProjectConfigurationPlatforms) = postSolution
		{6975A9C4-4C64-4D8D-95A9-1F9A6557308F}.Debug|Any CPU.ActiveCfg = Debug|Any CPU
		{6975A9C4-4C64-4D8D-95A9-1F9A6557308F}.Debug|Any CPU.Build.0 = Debug|Any CPU
		{6975A9C4-4C64-4D8D-95A9-1F9A6557308F}.Release|Any CPU.ActiveCfg = Release|Any CPU
		{6975A9C4-4C64-4D8D-95A9-1F9A6557308F}.Release|Any CPU.Build.0 = Release|Any CPU
		{CFFB8161-8D03-43A5-9AE9-4DEEFF350196}.Debug|Any CPU.ActiveCfg = Debug|Any CPU
		{CFFB8161-8D03-43A5-9AE9-4DEEFF350196}.Debug|Any CPU.Build.0 = Debug|Any CPU
		{CFFB8161-8D03-43A5-9AE9-4DEEFF350196}.Release|Any CPU.ActiveCfg = Release|Any CPU
		{CFFB8161-8D03-43A5-9AE9-4DEEFF350196}.Release|Any CPU.Build.0 = Release|Any CPU
	EndGlobalSection
	GlobalSection(SolutionProperties) = preSolution
		HideSolutionNode = FALSE
	EndGlobalSection
	GlobalSection(ExtensibilityGlobals) = postSolution
		SolutionGuid = {C64CAD86-A674-4F79-A3AF-1B687D8D5265}
	EndGlobalSection
EndGlobal
