
Microsoft Visual Studio Solution File, Format Version 12.00
# Visual Studio Version 17
VisualStudioVersion = 17.8.34525.116
MinimumVisualStudioVersion = 10.0.40219.1
Project("{9A19103F-16F7-4668-BE54-9A1E7A4F7556}") = "01.SortNumbers", "01.SortNumbers\01.SortNumbers.csproj", "{16C9DD30-684E-4C3D-9C1F-E88338FE03C0}"
EndProject
Project("{9A19103F-16F7-4668-BE54-9A1E7A4F7556}") = "02.EnglishNameOfTheLastDigit", "02.EnglishNameOfTheLastDigit\02.EnglishNameOfTheLastDigit.csproj", "{C0D9DC78-6359-4CB5-9C3F-BFB39AD8D9C0}"
EndProject
Project("{9A19103F-16F7-4668-BE54-9A1E7A4F7556}") = "04.ReverseString", "04.ReverseString\04.ReverseString.csproj", "{0E52D350-F041-4FC3-BC32-92EAB3AD9EE2}"
EndProject
Project("{9A19103F-16F7-4668-BE54-9A1E7A4F7556}") = "03.GamingStore", "03.GamingStore\03.GamingStore.csproj", "{3685FCA3-6939-4C66-AD45-F73A60126F93}"
EndProject
Project("{FAE04EC0-301F-11D3-BF4B-00C04F79EFBC}") = "05.Messages", "05.Messages\05.Messages.csproj", "{C32D5CE4-4EC9-4EFB-BE65-E48045CDAD97}"
EndProject
Global
	GlobalSection(SolutionConfigurationPlatforms) = preSolution
		Debug|Any CPU = Debug|Any CPU
		Release|Any CPU = Release|Any CPU
	EndGlobalSection
	GlobalSection(ProjectConfigurationPlatforms) = postSolution
		{16C9DD30-684E-4C3D-9C1F-E88338FE03C0}.Debug|Any CPU.ActiveCfg = Debug|Any CPU
		{16C9DD30-684E-4C3D-9C1F-E88338FE03C0}.Debug|Any CPU.Build.0 = Debug|Any CPU
		{16C9DD30-684E-4C3D-9C1F-E88338FE03C0}.Release|Any CPU.ActiveCfg = Release|Any CPU
		{16C9DD30-684E-4C3D-9C1F-E88338FE03C0}.Release|Any CPU.Build.0 = Release|Any CPU
		{C0D9DC78-6359-4CB5-9C3F-BFB39AD8D9C0}.Debug|Any CPU.ActiveCfg = Debug|Any CPU
		{C0D9DC78-6359-4CB5-9C3F-BFB39AD8D9C0}.Debug|Any CPU.Build.0 = Debug|Any CPU
		{C0D9DC78-6359-4CB5-9C3F-BFB39AD8D9C0}.Release|Any CPU.ActiveCfg = Release|Any CPU
		{C0D9DC78-6359-4CB5-9C3F-BFB39AD8D9C0}.Release|Any CPU.Build.0 = Release|Any CPU
		{0E52D350-F041-4FC3-BC32-92EAB3AD9EE2}.Debug|Any CPU.ActiveCfg = Debug|Any CPU
		{0E52D350-F041-4FC3-BC32-92EAB3AD9EE2}.Debug|Any CPU.Build.0 = Debug|Any CPU
		{0E52D350-F041-4FC3-BC32-92EAB3AD9EE2}.Release|Any CPU.ActiveCfg = Release|Any CPU
		{0E52D350-F041-4FC3-BC32-92EAB3AD9EE2}.Release|Any CPU.Build.0 = Release|Any CPU
		{3685FCA3-6939-4C66-AD45-F73A60126F93}.Debug|Any CPU.ActiveCfg = Debug|Any CPU
		{3685FCA3-6939-4C66-AD45-F73A60126F93}.Debug|Any CPU.Build.0 = Debug|Any CPU
		{3685FCA3-6939-4C66-AD45-F73A60126F93}.Release|Any CPU.ActiveCfg = Release|Any CPU
		{3685FCA3-6939-4C66-AD45-F73A60126F93}.Release|Any CPU.Build.0 = Release|Any CPU
		{C32D5CE4-4EC9-4EFB-BE65-E48045CDAD97}.Debug|Any CPU.ActiveCfg = Debug|Any CPU
		{C32D5CE4-4EC9-4EFB-BE65-E48045CDAD97}.Debug|Any CPU.Build.0 = Debug|Any CPU
		{C32D5CE4-4EC9-4EFB-BE65-E48045CDAD97}.Release|Any CPU.ActiveCfg = Release|Any CPU
		{C32D5CE4-4EC9-4EFB-BE65-E48045CDAD97}.Release|Any CPU.Build.0 = Release|Any CPU
	EndGlobalSection
	GlobalSection(SolutionProperties) = preSolution
		HideSolutionNode = FALSE
	EndGlobalSection
	GlobalSection(ExtensibilityGlobals) = postSolution
		SolutionGuid = {9D027353-B3E2-4DA9-BC0A-150007066932}
	EndGlobalSection
EndGlobal
