
Microsoft Visual Studio Solution File, Format Version 12.00
# Visual Studio Version 17
VisualStudioVersion = 17.8.34525.116
MinimumVisualStudioVersion = 10.0.40219.1
Project("{9A19103F-16F7-4668-BE54-9A1E7A4F7556}") = "01.FruitMarket", "01.FruitMarket\01.FruitMarket.csproj", "{CB8B48C9-FCD6-40EC-AA1D-06A055A10E9A}"
EndProject
Project("{9A19103F-16F7-4668-BE54-9A1E7A4F7556}") = "02.Safari", "02.Safari\02.Safari.csproj", "{C13198D3-60CF-4884-BA96-06BB21481C4B}"
EndProject
Project("{9A19103F-16F7-4668-BE54-9A1E7A4F7556}") = "03.MobileOperator", "03.MobileOperator\03.MobileOperator.csproj", "{352DB32A-E522-4F82-A0A9-E71EC6045E33}"
EndProject
Project("{9A19103F-16F7-4668-BE54-9A1E7A4F7556}") = "04.TouristShop", "04.TouristShop\04.TouristShop.csproj", "{D70CE385-87A6-4D18-AD37-E829840B1793}"
EndProject
Project("{FAE04EC0-301F-11D3-BF4B-00C04F79EFBC}") = "05.DivisionWithoutRemainder", "05.DivisionWithoutRemainder\05.DivisionWithoutRemainder.csproj", "{1FFC47D9-4103-4C67-8199-9C3ADDEA2FA1}"
EndProject
Project("{FAE04EC0-301F-11D3-BF4B-00C04F79EFBC}") = "06.VetParking", "06.VetParking\06.VetParking.csproj", "{06510B89-5352-44FB-8825-FFE0BFAA4E8A}"
EndProject
Global
	GlobalSection(SolutionConfigurationPlatforms) = preSolution
		Debug|Any CPU = Debug|Any CPU
		Release|Any CPU = Release|Any CPU
	EndGlobalSection
	GlobalSection(ProjectConfigurationPlatforms) = postSolution
		{CB8B48C9-FCD6-40EC-AA1D-06A055A10E9A}.Debug|Any CPU.ActiveCfg = Debug|Any CPU
		{CB8B48C9-FCD6-40EC-AA1D-06A055A10E9A}.Debug|Any CPU.Build.0 = Debug|Any CPU
		{CB8B48C9-FCD6-40EC-AA1D-06A055A10E9A}.Release|Any CPU.ActiveCfg = Release|Any CPU
		{CB8B48C9-FCD6-40EC-AA1D-06A055A10E9A}.Release|Any CPU.Build.0 = Release|Any CPU
		{C13198D3-60CF-4884-BA96-06BB21481C4B}.Debug|Any CPU.ActiveCfg = Debug|Any CPU
		{C13198D3-60CF-4884-BA96-06BB21481C4B}.Debug|Any CPU.Build.0 = Debug|Any CPU
		{C13198D3-60CF-4884-BA96-06BB21481C4B}.Release|Any CPU.ActiveCfg = Release|Any CPU
		{C13198D3-60CF-4884-BA96-06BB21481C4B}.Release|Any CPU.Build.0 = Release|Any CPU
		{352DB32A-E522-4F82-A0A9-E71EC6045E33}.Debug|Any CPU.ActiveCfg = Debug|Any CPU
		{352DB32A-E522-4F82-A0A9-E71EC6045E33}.Debug|Any CPU.Build.0 = Debug|Any CPU
		{352DB32A-E522-4F82-A0A9-E71EC6045E33}.Release|Any CPU.ActiveCfg = Release|Any CPU
		{352DB32A-E522-4F82-A0A9-E71EC6045E33}.Release|Any CPU.Build.0 = Release|Any CPU
		{D70CE385-87A6-4D18-AD37-E829840B1793}.Debug|Any CPU.ActiveCfg = Debug|Any CPU
		{D70CE385-87A6-4D18-AD37-E829840B1793}.Debug|Any CPU.Build.0 = Debug|Any CPU
		{D70CE385-87A6-4D18-AD37-E829840B1793}.Release|Any CPU.ActiveCfg = Release|Any CPU
		{D70CE385-87A6-4D18-AD37-E829840B1793}.Release|Any CPU.Build.0 = Release|Any CPU
		{1FFC47D9-4103-4C67-8199-9C3ADDEA2FA1}.Debug|Any CPU.ActiveCfg = Debug|Any CPU
		{1FFC47D9-4103-4C67-8199-9C3ADDEA2FA1}.Debug|Any CPU.Build.0 = Debug|Any CPU
		{1FFC47D9-4103-4C67-8199-9C3ADDEA2FA1}.Release|Any CPU.ActiveCfg = Release|Any CPU
		{1FFC47D9-4103-4C67-8199-9C3ADDEA2FA1}.Release|Any CPU.Build.0 = Release|Any CPU
		{06510B89-5352-44FB-8825-FFE0BFAA4E8A}.Debug|Any CPU.ActiveCfg = Debug|Any CPU
		{06510B89-5352-44FB-8825-FFE0BFAA4E8A}.Debug|Any CPU.Build.0 = Debug|Any CPU
		{06510B89-5352-44FB-8825-FFE0BFAA4E8A}.Release|Any CPU.ActiveCfg = Release|Any CPU
		{06510B89-5352-44FB-8825-FFE0BFAA4E8A}.Release|Any CPU.Build.0 = Release|Any CPU
	EndGlobalSection
	GlobalSection(SolutionProperties) = preSolution
		HideSolutionNode = FALSE
	EndGlobalSection
	GlobalSection(ExtensibilityGlobals) = postSolution
		SolutionGuid = {1E4D0138-FCF5-4CB4-9B87-868B2C76A946}
	EndGlobalSection
EndGlobal
