
Microsoft Visual Studio Solution File, Format Version 12.00
# Visual Studio Version 17
VisualStudioVersion = 17.9.34607.119
MinimumVisualStudioVersion = 10.0.40219.1
Project("{FAE04EC0-301F-11D3-BF4B-00C04F79EFBC}") = "01.SquareArea", "01.SquareArea\01.SquareArea.csproj", "{CA1620A7-12BA-4D16-9FF7-1CA16AD169AA}"
EndProject
Project("{FAE04EC0-301F-11D3-BF4B-00C04F79EFBC}") = "02.InchesToCentimeters", "02.InchesToCentimeters\02.InchesToCentimeters.csproj", "{0B152132-FBA3-4CE8-B003-885362676C38}"
EndProject
Project("{FAE04EC0-301F-11D3-BF4B-00C04F79EFBC}") = "03.GreetingByName", "03.GreetingByName\03.GreetingByName.csproj", "{76474872-961D-4DA6-A43D-DDA4878646C2}"
EndProject
Project("{FAE04EC0-301F-11D3-BF4B-00C04F79EFBC}") = "04.ConcatenateData", "04.ConcatenateData\04.ConcatenateData.csproj", "{2BF21951-FBB6-475D-B2F2-45931C64119A}"
EndProject
Project("{FAE04EC0-301F-11D3-BF4B-00C04F79EFBC}") = "05.TrapeziodArea", "05.TrapeziodArea\05.TrapeziodArea.csproj", "{F22FAAF7-4E7B-46D2-89F2-E044BC2AAEF9}"
EndProject
Project("{FAE04EC0-301F-11D3-BF4B-00C04F79EFBC}") = "06.CircleAreaAndPerimeter", "06.CircleAreaAndPerimeter\06.CircleAreaAndPerimeter.csproj", "{1082B584-8031-4D46-99E2-B93403EF17A6}"
EndProject
Project("{FAE04EC0-301F-11D3-BF4B-00C04F79EFBC}") = "07.2DRectangleArea", "07.2DRectangleArea\07.2DRectangleArea.csproj", "{01364439-911C-4556-B551-DB3B24C1754B}"
EndProject
Project("{FAE04EC0-301F-11D3-BF4B-00C04F79EFBC}") = "08.TriangleArea", "08.TriangleArea\08.TriangleArea.csproj", "{FC3C087D-8C12-47CA-B8DA-1056094F0572}"
EndProject
Project("{FAE04EC0-301F-11D3-BF4B-00C04F79EFBC}") = "09.CelsiusToFahrenheit", "09.CelsiusToFahrenheit\09.CelsiusToFahrenheit.csproj", "{AB066F1A-0FEC-4C00-B1C3-A768AA5F13E7}"
EndProject
Project("{FAE04EC0-301F-11D3-BF4B-00C04F79EFBC}") = "10.RadiansToDegrees", "10.RadiansToDegrees\10.RadiansToDegrees.csproj", "{0C424996-591C-44A4-B25E-440210A49107}"
EndProject
Global
	GlobalSection(SolutionConfigurationPlatforms) = preSolution
		Debug|Any CPU = Debug|Any CPU
		Release|Any CPU = Release|Any CPU
	EndGlobalSection
	GlobalSection(ProjectConfigurationPlatforms) = postSolution
		{CA1620A7-12BA-4D16-9FF7-1CA16AD169AA}.Debug|Any CPU.ActiveCfg = Debug|Any CPU
		{CA1620A7-12BA-4D16-9FF7-1CA16AD169AA}.Debug|Any CPU.Build.0 = Debug|Any CPU
		{CA1620A7-12BA-4D16-9FF7-1CA16AD169AA}.Release|Any CPU.ActiveCfg = Release|Any CPU
		{CA1620A7-12BA-4D16-9FF7-1CA16AD169AA}.Release|Any CPU.Build.0 = Release|Any CPU
		{0B152132-FBA3-4CE8-B003-885362676C38}.Debug|Any CPU.ActiveCfg = Debug|Any CPU
		{0B152132-FBA3-4CE8-B003-885362676C38}.Debug|Any CPU.Build.0 = Debug|Any CPU
		{0B152132-FBA3-4CE8-B003-885362676C38}.Release|Any CPU.ActiveCfg = Release|Any CPU
		{0B152132-FBA3-4CE8-B003-885362676C38}.Release|Any CPU.Build.0 = Release|Any CPU
		{76474872-961D-4DA6-A43D-DDA4878646C2}.Debug|Any CPU.ActiveCfg = Debug|Any CPU
		{76474872-961D-4DA6-A43D-DDA4878646C2}.Debug|Any CPU.Build.0 = Debug|Any CPU
		{76474872-961D-4DA6-A43D-DDA4878646C2}.Release|Any CPU.ActiveCfg = Release|Any CPU
		{76474872-961D-4DA6-A43D-DDA4878646C2}.Release|Any CPU.Build.0 = Release|Any CPU
		{2BF21951-FBB6-475D-B2F2-45931C64119A}.Debug|Any CPU.ActiveCfg = Debug|Any CPU
		{2BF21951-FBB6-475D-B2F2-45931C64119A}.Debug|Any CPU.Build.0 = Debug|Any CPU
		{2BF21951-FBB6-475D-B2F2-45931C64119A}.Release|Any CPU.ActiveCfg = Release|Any CPU
		{2BF21951-FBB6-475D-B2F2-45931C64119A}.Release|Any CPU.Build.0 = Release|Any CPU
		{F22FAAF7-4E7B-46D2-89F2-E044BC2AAEF9}.Debug|Any CPU.ActiveCfg = Debug|Any CPU
		{F22FAAF7-4E7B-46D2-89F2-E044BC2AAEF9}.Debug|Any CPU.Build.0 = Debug|Any CPU
		{F22FAAF7-4E7B-46D2-89F2-E044BC2AAEF9}.Release|Any CPU.ActiveCfg = Release|Any CPU
		{F22FAAF7-4E7B-46D2-89F2-E044BC2AAEF9}.Release|Any CPU.Build.0 = Release|Any CPU
		{1082B584-8031-4D46-99E2-B93403EF17A6}.Debug|Any CPU.ActiveCfg = Debug|Any CPU
		{1082B584-8031-4D46-99E2-B93403EF17A6}.Debug|Any CPU.Build.0 = Debug|Any CPU
		{1082B584-8031-4D46-99E2-B93403EF17A6}.Release|Any CPU.ActiveCfg = Release|Any CPU
		{1082B584-8031-4D46-99E2-B93403EF17A6}.Release|Any CPU.Build.0 = Release|Any CPU
		{01364439-911C-4556-B551-DB3B24C1754B}.Debug|Any CPU.ActiveCfg = Debug|Any CPU
		{01364439-911C-4556-B551-DB3B24C1754B}.Debug|Any CPU.Build.0 = Debug|Any CPU
		{01364439-911C-4556-B551-DB3B24C1754B}.Release|Any CPU.ActiveCfg = Release|Any CPU
		{01364439-911C-4556-B551-DB3B24C1754B}.Release|Any CPU.Build.0 = Release|Any CPU
		{FC3C087D-8C12-47CA-B8DA-1056094F0572}.Debug|Any CPU.ActiveCfg = Debug|Any CPU
		{FC3C087D-8C12-47CA-B8DA-1056094F0572}.Debug|Any CPU.Build.0 = Debug|Any CPU
		{FC3C087D-8C12-47CA-B8DA-1056094F0572}.Release|Any CPU.ActiveCfg = Release|Any CPU
		{FC3C087D-8C12-47CA-B8DA-1056094F0572}.Release|Any CPU.Build.0 = Release|Any CPU
		{AB066F1A-0FEC-4C00-B1C3-A768AA5F13E7}.Debug|Any CPU.ActiveCfg = Debug|Any CPU
		{AB066F1A-0FEC-4C00-B1C3-A768AA5F13E7}.Debug|Any CPU.Build.0 = Debug|Any CPU
		{AB066F1A-0FEC-4C00-B1C3-A768AA5F13E7}.Release|Any CPU.ActiveCfg = Release|Any CPU
		{AB066F1A-0FEC-4C00-B1C3-A768AA5F13E7}.Release|Any CPU.Build.0 = Release|Any CPU
		{0C424996-591C-44A4-B25E-440210A49107}.Debug|Any CPU.ActiveCfg = Debug|Any CPU
		{0C424996-591C-44A4-B25E-440210A49107}.Debug|Any CPU.Build.0 = Debug|Any CPU
		{0C424996-591C-44A4-B25E-440210A49107}.Release|Any CPU.ActiveCfg = Release|Any CPU
		{0C424996-591C-44A4-B25E-440210A49107}.Release|Any CPU.Build.0 = Release|Any CPU
	EndGlobalSection
	GlobalSection(SolutionProperties) = preSolution
		HideSolutionNode = FALSE
	EndGlobalSection
	GlobalSection(ExtensibilityGlobals) = postSolution
		SolutionGuid = {30A75697-D4C7-41A1-9037-7A559F3E6D9D}
	EndGlobalSection
EndGlobal
